
Microsoft Visual Studio Solution File, Format Version 12.00
# Visual Studio Version 17
VisualStudioVersion = 17.14.36804.6
MinimumVisualStudioVersion = 10.0.40219.1
Project("{FAE04EC0-301F-11D3-BF4B-00C04F79EFBC}") = "NNews.API", "NNews.API\NNews.API.csproj", "{E4B19A53-81FF-4930-AE26-D22FBE045B53}"
EndProject
Project("{2150E333-8FDC-42A3-9474-1A3956D46DE8}") = "1 - Docker", "1 - Docker", "{02EA681E-C7D8-13C7-8484-4AC65E1B71E8}"
	ProjectSection(SolutionItems) = preProject
		.env = .env
		.env.example = .env.example
		docker-compose.yml = docker-compose.yml
		NNews.API.Dockerfile = NNews.API.Dockerfile
		postgres.Dockerfile = postgres.Dockerfile
	EndProjectSection
EndProject
Project("{2150E333-8FDC-42A3-9474-1A3956D46DE8}") = "2 - Backend", "2 - Backend", "{510991C4-093D-435D-8B47-76086F3CA020}"
EndProject
Project("{2150E333-8FDC-42A3-9474-1A3956D46DE8}") = "4 - Extra", "4 - Extra", "{8B97FAF0-7F6C-4BC3-B61B-9A9CAC713A28}"
	ProjectSection(SolutionItems) = preProject
		createContext.ps1 = createContext.ps1
		LICENSE = LICENSE
		nnews.sql = nnews.sql
		README.md = README.md
		update-ntools.ps1 = update-ntools.ps1
	EndProjectSection
EndProject
Project("{FAE04EC0-301F-11D3-BF4B-00C04F79EFBC}") = "NNews.Infra", "NNews.Infra\NNews.Infra.csproj", "{0AFE477B-5098-469B-BA45-C3B5D5E15EBB}"
EndProject
Project("{FAE04EC0-301F-11D3-BF4B-00C04F79EFBC}") = "NNews.Infra.Interfaces", "NNews.Infra.Interfaces\NNews.Infra.Interfaces.csproj", "{1D27BDC9-0B8E-42DB-A10A-CD7042FB0CFA}"
EndProject
Project("{FAE04EC0-301F-11D3-BF4B-00C04F79EFBC}") = "NNews.Domain", "NNews.Domain\NNews.Domain.csproj", "{E1EC03CA-CEAD-43F5-AD47-168AFFF6090A}"
EndProject
Project("{FAE04EC0-301F-11D3-BF4B-00C04F79EFBC}") = "NNews.Application", "NNews.Application\NNews.Application.csproj", "{1EDF21F8-84A4-45BD-8DAB-B9DBE99B84D5}"
EndProject
Project("{FAE04EC0-301F-11D3-BF4B-00C04F79EFBC}") = "NNews", "NNews\NNews.csproj", "{E29C05C6-1B72-40C9-B02C-8772B07304D6}"
EndProject
Global
	GlobalSection(SolutionConfigurationPlatforms) = preSolution
		Debug|Any CPU = Debug|Any CPU
		Debug|x64 = Debug|x64
		Debug|x86 = Debug|x86
		Release|Any CPU = Release|Any CPU
		Release|x64 = Release|x64
		Release|x86 = Release|x86
	EndGlobalSection
	GlobalSection(ProjectConfigurationPlatforms) = postSolution
		{E4B19A53-81FF-4930-AE26-D22FBE045B53}.Debug|Any CPU.ActiveCfg = Debug|Any CPU
		{E4B19A53-81FF-4930-AE26-D22FBE045B53}.Debug|Any CPU.Build.0 = Debug|Any CPU
		{E4B19A53-81FF-4930-AE26-D22FBE045B53}.Debug|x64.ActiveCfg = Debug|Any CPU
		{E4B19A53-81FF-4930-AE26-D22FBE045B53}.Debug|x64.Build.0 = Debug|Any CPU
		{E4B19A53-81FF-4930-AE26-D22FBE045B53}.Debug|x86.ActiveCfg = Debug|Any CPU
		{E4B19A53-81FF-4930-AE26-D22FBE045B53}.Debug|x86.Build.0 = Debug|Any CPU
		{E4B19A53-81FF-4930-AE26-D22FBE045B53}.Release|Any CPU.ActiveCfg = Release|Any CPU
		{E4B19A53-81FF-4930-AE26-D22FBE045B53}.Release|Any CPU.Build.0 = Release|Any CPU
		{E4B19A53-81FF-4930-AE26-D22FBE045B53}.Release|x64.ActiveCfg = Release|Any CPU
		{E4B19A53-81FF-4930-AE26-D22FBE045B53}.Release|x64.Build.0 = Release|Any CPU
		{E4B19A53-81FF-4930-AE26-D22FBE045B53}.Release|x86.ActiveCfg = Release|Any CPU
		{E4B19A53-81FF-4930-AE26-D22FBE045B53}.Release|x86.Build.0 = Release|Any CPU
		{0AFE477B-5098-469B-BA45-C3B5D5E15EBB}.Debug|Any CPU.ActiveCfg = Debug|Any CPU
		{0AFE477B-5098-469B-BA45-C3B5D5E15EBB}.Debug|Any CPU.Build.0 = Debug|Any CPU
		{0AFE477B-5098-469B-BA45-C3B5D5E15EBB}.Debug|x64.ActiveCfg = Debug|Any CPU
		{0AFE477B-5098-469B-BA45-C3B5D5E15EBB}.Debug|x64.Build.0 = Debug|Any CPU
		{0AFE477B-5098-469B-BA45-C3B5D5E15EBB}.Debug|x86.ActiveCfg = Debug|Any CPU
		{0AFE477B-5098-469B-BA45-C3B5D5E15EBB}.Debug|x86.Build.0 = Debug|Any CPU
		{0AFE477B-5098-469B-BA45-C3B5D5E15EBB}.Release|Any CPU.ActiveCfg = Release|Any CPU
		{0AFE477B-5098-469B-BA45-C3B5D5E15EBB}.Release|Any CPU.Build.0 = Release|Any CPU
		{0AFE477B-5098-469B-BA45-C3B5D5E15EBB}.Release|x64.ActiveCfg = Release|Any CPU
		{0AFE477B-5098-469B-BA45-C3B5D5E15EBB}.Release|x64.Build.0 = Release|Any CPU
		{0AFE477B-5098-469B-BA45-C3B5D5E15EBB}.Release|x86.ActiveCfg = Release|Any CPU
		{0AFE477B-5098-469B-BA45-C3B5D5E15EBB}.Release|x86.Build.0 = Release|Any CPU
		{1D27BDC9-0B8E-42DB-A10A-CD7042FB0CFA}.Debug|Any CPU.ActiveCfg = Debug|Any CPU
		{1D27BDC9-0B8E-42DB-A10A-CD7042FB0CFA}.Debug|Any CPU.Build.0 = Debug|Any CPU
		{1D27BDC9-0B8E-42DB-A10A-CD7042FB0CFA}.Debug|x64.ActiveCfg = Debug|Any CPU
		{1D27BDC9-0B8E-42DB-A10A-CD7042FB0CFA}.Debug|x64.Build.0 = Debug|Any CPU
		{1D27BDC9-0B8E-42DB-A10A-CD7042FB0CFA}.Debug|x86.ActiveCfg = Debug|Any CPU
		{1D27BDC9-0B8E-42DB-A10A-CD7042FB0CFA}.Debug|x86.Build.0 = Debug|Any CPU
		{1D27BDC9-0B8E-42DB-A10A-CD7042FB0CFA}.Release|Any CPU.ActiveCfg = Release|Any CPU
		{1D27BDC9-0B8E-42DB-A10A-CD7042FB0CFA}.Release|Any CPU.Build.0 = Release|Any CPU
		{1D27BDC9-0B8E-42DB-A10A-CD7042FB0CFA}.Release|x64.ActiveCfg = Release|Any CPU
		{1D27BDC9-0B8E-42DB-A10A-CD7042FB0CFA}.Release|x64.Build.0 = Release|Any CPU
		{1D27BDC9-0B8E-42DB-A10A-CD7042FB0CFA}.Release|x86.ActiveCfg = Release|Any CPU
		{1D27BDC9-0B8E-42DB-A10A-CD7042FB0CFA}.Release|x86.Build.0 = Release|Any CPU
		{E1EC03CA-CEAD-43F5-AD47-168AFFF6090A}.Debug|Any CPU.ActiveCfg = Debug|Any CPU
		{E1EC03CA-CEAD-43F5-AD47-168AFFF6090A}.Debug|Any CPU.Build.0 = Debug|Any CPU
		{E1EC03CA-CEAD-43F5-AD47-168AFFF6090A}.Debug|x64.ActiveCfg = Debug|Any CPU
		{E1EC03CA-CEAD-43F5-AD47-168AFFF6090A}.Debug|x64.Build.0 = Debug|Any CPU
		{E1EC03CA-CEAD-43F5-AD47-168AFFF6090A}.Debug|x86.ActiveCfg = Debug|Any CPU
		{E1EC03CA-CEAD-43F5-AD47-168AFFF6090A}.Debug|x86.Build.0 = Debug|Any CPU
		{E1EC03CA-CEAD-43F5-AD47-168AFFF6090A}.Release|Any CPU.ActiveCfg = Release|Any CPU
		{E1EC03CA-CEAD-43F5-AD47-168AFFF6090A}.Release|Any CPU.Build.0 = Release|Any CPU
		{E1EC03CA-CEAD-43F5-AD47-168AFFF6090A}.Release|x64.ActiveCfg = Release|Any CPU
		{E1EC03CA-CEAD-43F5-AD47-168AFFF6090A}.Release|x64.Build.0 = Release|Any CPU
		{E1EC03CA-CEAD-43F5-AD47-168AFFF6090A}.Release|x86.ActiveCfg = Release|Any CPU
		{E1EC03CA-CEAD-43F5-AD47-168AFFF6090A}.Release|x86.Build.0 = Release|Any CPU
		{1EDF21F8-84A4-45BD-8DAB-B9DBE99B84D5}.Debug|Any CPU.ActiveCfg = Debug|Any CPU
		{1EDF21F8-84A4-45BD-8DAB-B9DBE99B84D5}.Debug|Any CPU.Build.0 = Debug|Any CPU
		{1EDF21F8-84A4-45BD-8DAB-B9DBE99B84D5}.Debug|x64.ActiveCfg = Debug|Any CPU
		{1EDF21F8-84A4-45BD-8DAB-B9DBE99B84D5}.Debug|x64.Build.0 = Debug|Any CPU
		{1EDF21F8-84A4-45BD-8DAB-B9DBE99B84D5}.Debug|x86.ActiveCfg = Debug|Any CPU
		{1EDF21F8-84A4-45BD-8DAB-B9DBE99B84D5}.Debug|x86.Build.0 = Debug|Any CPU
		{1EDF21F8-84A4-45BD-8DAB-B9DBE99B84D5}.Release|Any CPU.ActiveCfg = Release|Any CPU
		{1EDF21F8-84A4-45BD-8DAB-B9DBE99B84D5}.Release|Any CPU.Build.0 = Release|Any CPU
		{1EDF21F8-84A4-45BD-8DAB-B9DBE99B84D5}.Release|x64.ActiveCfg = Release|Any CPU
		{1EDF21F8-84A4-45BD-8DAB-B9DBE99B84D5}.Release|x64.Build.0 = Release|Any CPU
		{1EDF21F8-84A4-45BD-8DAB-B9DBE99B84D5}.Release|x86.ActiveCfg = Release|Any CPU
		{1EDF21F8-84A4-45BD-8DAB-B9DBE99B84D5}.Release|x86.Build.0 = Release|Any CPU
		{E29C05C6-1B72-40C9-B02C-8772B07304D6}.Debug|Any CPU.ActiveCfg = Debug|Any CPU
		{E29C05C6-1B72-40C9-B02C-8772B07304D6}.Debug|Any CPU.Build.0 = Debug|Any CPU
		{E29C05C6-1B72-40C9-B02C-8772B07304D6}.Debug|x64.ActiveCfg = Debug|Any CPU
		{E29C05C6-1B72-40C9-B02C-8772B07304D6}.Debug|x64.Build.0 = Debug|Any CPU
		{E29C05C6-1B72-40C9-B02C-8772B07304D6}.Debug|x86.ActiveCfg = Debug|Any CPU
		{E29C05C6-1B72-40C9-B02C-8772B07304D6}.Debug|x86.Build.0 = Debug|Any CPU
		{E29C05C6-1B72-40C9-B02C-8772B07304D6}.Release|Any CPU.ActiveCfg = Release|Any CPU
		{E29C05C6-1B72-40C9-B02C-8772B07304D6}.Release|Any CPU.Build.0 = Release|Any CPU
		{E29C05C6-1B72-40C9-B02C-8772B07304D6}.Release|x64.ActiveCfg = Release|Any CPU
		{E29C05C6-1B72-40C9-B02C-8772B07304D6}.Release|x64.Build.0 = Release|Any CPU
		{E29C05C6-1B72-40C9-B02C-8772B07304D6}.Release|x86.ActiveCfg = Release|Any CPU
		{E29C05C6-1B72-40C9-B02C-8772B07304D6}.Release|x86.Build.0 = Release|Any CPU
	EndGlobalSection
	GlobalSection(SolutionProperties) = preSolution
		HideSolutionNode = FALSE
	EndGlobalSection
	GlobalSection(NestedProjects) = preSolution
		{E4B19A53-81FF-4930-AE26-D22FBE045B53} = {510991C4-093D-435D-8B47-76086F3CA020}
		{0AFE477B-5098-469B-BA45-C3B5D5E15EBB} = {510991C4-093D-435D-8B47-76086F3CA020}
		{1D27BDC9-0B8E-42DB-A10A-CD7042FB0CFA} = {510991C4-093D-435D-8B47-76086F3CA020}
		{E1EC03CA-CEAD-43F5-AD47-168AFFF6090A} = {510991C4-093D-435D-8B47-76086F3CA020}
		{1EDF21F8-84A4-45BD-8DAB-B9DBE99B84D5} = {510991C4-093D-435D-8B47-76086F3CA020}
		{E29C05C6-1B72-40C9-B02C-8772B07304D6} = {510991C4-093D-435D-8B47-76086F3CA020}
	EndGlobalSection
	GlobalSection(ExtensibilityGlobals) = postSolution
		SolutionGuid = {16AE0AA1-CDF6-41B6-9B1A-43082D591750}
	EndGlobalSection
EndGlobal
